
Microsoft Visual Studio Solution File, Format Version 12.00
# Visual Studio Version 18
VisualStudioVersion = 18.4.11506.43 insiders
MinimumVisualStudioVersion = 10.0.40219.1
Project("{2150E333-8FDC-42A3-9474-1A3956D46DE8}") = "Solution Items", "Solution Items", "{3CBE98C9-F570-412B-B0F2-864F16E23488}"
	ProjectSection(SolutionItems) = preProject
		.editorconfig = .editorconfig
	EndProjectSection
EndProject
Project("{2150E333-8FDC-42A3-9474-1A3956D46DE8}") = "Tests", "Tests", "{C31E15CA-0661-4DFB-A570-6F968B7D94E8}"
EndProject
Project("{FAE04EC0-301F-11D3-BF4B-00C04F79EFBC}") = "Pure.Diagram.RichRelationalModel.EFCore.Models", "Pure.Diagram.RichRelationalModel.EFCore.Models\Pure.Diagram.RichRelationalModel.EFCore.Models.csproj", "{B0DCEEFB-3765-4BD9-8416-0DDC00E60DEC}"
EndProject
Project("{FAE04EC0-301F-11D3-BF4B-00C04F79EFBC}") = "Pure.Diagram.RichRelationalModel.EFCore.Models.Tests", "Tests\Pure.Diagram.RichRelationalModel.EFCore.Models.Tests\Pure.Diagram.RichRelationalModel.EFCore.Models.Tests.csproj", "{39B04877-4C13-4110-8496-1C18FFB16D41}"
EndProject
Global
	GlobalSection(SolutionConfigurationPlatforms) = preSolution
		Debug|Any CPU = Debug|Any CPU
		Release|Any CPU = Release|Any CPU
	EndGlobalSection
	GlobalSection(ProjectConfigurationPlatforms) = postSolution
		{B0DCEEFB-3765-4BD9-8416-0DDC00E60DEC}.Debug|Any CPU.ActiveCfg = Debug|Any CPU
		{B0DCEEFB-3765-4BD9-8416-0DDC00E60DEC}.Debug|Any CPU.Build.0 = Debug|Any CPU
		{B0DCEEFB-3765-4BD9-8416-0DDC00E60DEC}.Release|Any CPU.ActiveCfg = Release|Any CPU
		{B0DCEEFB-3765-4BD9-8416-0DDC00E60DEC}.Release|Any CPU.Build.0 = Release|Any CPU
		{39B04877-4C13-4110-8496-1C18FFB16D41}.Debug|Any CPU.ActiveCfg = Debug|Any CPU
		{39B04877-4C13-4110-8496-1C18FFB16D41}.Debug|Any CPU.Build.0 = Debug|Any CPU
		{39B04877-4C13-4110-8496-1C18FFB16D41}.Release|Any CPU.ActiveCfg = Release|Any CPU
		{39B04877-4C13-4110-8496-1C18FFB16D41}.Release|Any CPU.Build.0 = Release|Any CPU
	EndGlobalSection
	GlobalSection(SolutionProperties) = preSolution
		HideSolutionNode = FALSE
	EndGlobalSection
	GlobalSection(NestedProjects) = preSolution
		{39B04877-4C13-4110-8496-1C18FFB16D41} = {C31E15CA-0661-4DFB-A570-6F968B7D94E8}
	EndGlobalSection
EndGlobal
